
Microsoft Visual Studio Solution File, Format Version 12.00
# Visual Studio 14
VisualStudioVersion = 14.0.23107.0
MinimumVisualStudioVersion = 10.0.40219.1
Project("{FAE04EC0-301F-11D3-BF4B-00C04F79EFBC}") = "Webcorp.erp", "Webcorp.erp\Webcorp.erp.csproj", "{D6B905CB-4420-4C33-9D9B-2BB56803CA0E}"
EndProject
Project("{FAE04EC0-301F-11D3-BF4B-00C04F79EFBC}") = "Webcorp.common", "Webcorp.common\Webcorp.common.csproj", "{E90C7B7A-9AFD-4B96-8FF1-E6CBC104DF1E}"
EndProject
Project("{FAE04EC0-301F-11D3-BF4B-00C04F79EFBC}") = "Webcorp.model", "Webcorp.model\Webcorp.model.csproj", "{2CC26D73-283E-4849-8CF9-2727DC88223C}"
EndProject
Project("{FAE04EC0-301F-11D3-BF4B-00C04F79EFBC}") = "Webcorp.business", "Webcorp.business\Webcorp.business.csproj", "{610639B7-3F8A-4F01-BF9C-C3CC0D4B2FC7}"
EndProject
Project("{FAE04EC0-301F-11D3-BF4B-00C04F79EFBC}") = "Webcorp.unite", "Webcorp.unite\Webcorp.unite.csproj", "{3A221492-33FB-4EC2-92BF-6AB0D2CE9AB9}"
EndProject
Project("{FAE04EC0-301F-11D3-BF4B-00C04F79EFBC}") = "Webcorp.unite.tests", "Webcorp.unite.tests\Webcorp.unite.tests.csproj", "{57E761AE-FA88-4C0F-A05A-0EB0A420955B}"
EndProject
Project("{FAE04EC0-301F-11D3-BF4B-00C04F79EFBC}") = "Webcorp.activity", "Webcorp.activity\Webcorp.activity.csproj", "{798900F9-8796-460B-A0F5-C6A1383DDA5D}"
EndProject
Project("{FAE04EC0-301F-11D3-BF4B-00C04F79EFBC}") = "Webcorp.erp.tests", "Webcorp.erp.tests\Webcorp.erp.tests.csproj", "{640554CD-D526-4560-8A9A-0C4CCFB0AE43}"
EndProject
Project("{FAE04EC0-301F-11D3-BF4B-00C04F79EFBC}") = "Webcorp.controller", "Webcorp.controller\Webcorp.controller.csproj", "{FF1A34A3-A99B-46AE-89F8-4683AE44032C}"
EndProject
Project("{FAE04EC0-301F-11D3-BF4B-00C04F79EFBC}") = "Webcorp.lib.controller", "Webcorp.lib.controller\Webcorp.lib.controller.csproj", "{390401E8-4BCA-46F2-8189-873BE56E8F09}"
EndProject
Project("{2150E333-8FDC-42A3-9474-1A3956D46DE8}") = "Libraries", "Libraries", "{AA804EA0-6804-4236-BD77-97DEBC07BF2D}"
EndProject
Project("{FAE04EC0-301F-11D3-BF4B-00C04F79EFBC}") = "Webcorp.lib.dal", "Webcorp.lib.Dal\Webcorp.lib.dal.csproj", "{62BFA003-894B-44F5-BF51-16EFD93B521D}"
EndProject
Project("{2150E333-8FDC-42A3-9474-1A3956D46DE8}") = "Tests", "Tests", "{C6F9B8EB-F00C-4C82-8511-A18C1923A505}"
EndProject
Project("{FAE04EC0-301F-11D3-BF4B-00C04F79EFBC}") = "Webcorp.lib.model", "Webcorp.lib.model\Webcorp.lib.model.csproj", "{EA60F455-F9F6-4317-8E5F-0001AF90F9F8}"
EndProject
Project("{2150E333-8FDC-42A3-9474-1A3956D46DE8}") = "ui", "ui", "{C64ED9CF-0278-4C27-AAF6-C59CF6D254A9}"
EndProject
Project("{2150E333-8FDC-42A3-9474-1A3956D46DE8}") = "business", "business", "{663B79A5-737D-464E-B008-C0C03B792FA7}"
EndProject
Project("{FAE04EC0-301F-11D3-BF4B-00C04F79EFBC}") = "Webcorp.lib.rx_mvvm", "Webcorp.lib.rx_mvvm\Webcorp.lib.rx_mvvm.csproj", "{56158907-3988-45FD-8FE4-4CA299881D26}"
EndProject
Project("{FAE04EC0-301F-11D3-BF4B-00C04F79EFBC}") = "Webcorp.erp.quotation", "Webcorp.erp.quotation\Webcorp.erp.quotation.csproj", "{0DF555E2-16C7-43F0-8197-AF9A60F8A31D}"
EndProject
Project("{2150E333-8FDC-42A3-9474-1A3956D46DE8}") = "Modules", "Modules", "{2713B670-468A-4443-9DD2-FD311909E07A}"
EndProject
Project("{FAE04EC0-301F-11D3-BF4B-00C04F79EFBC}") = "Webcorp.erp.common", "Webcorp.erp.common\Webcorp.erp.common.csproj", "{1D6EA88C-37FD-4303-8EE8-2D850B4378A6}"
EndProject
Project("{FAE04EC0-301F-11D3-BF4B-00C04F79EFBC}") = "Webcorp.erp.article", "Webcorp.erp.article\Webcorp.erp.article.csproj", "{7A560422-E18F-4004-A1F6-08156C8EA9C7}"
EndProject
Project("{FAE04EC0-301F-11D3-BF4B-00C04F79EFBC}") = "Webcorp.lib.ui", "Webcorp.lib.ui\Webcorp.lib.ui.csproj", "{30ABF1DE-713D-4E8B-A6F5-00B5254C797D}"
EndProject
Project("{FAE04EC0-301F-11D3-BF4B-00C04F79EFBC}") = "Webcorp.erp.tiers", "Webcorp.erp.tiers\Webcorp.erp.tiers.csproj", "{2F23F5AF-B1DD-49A2-A24B-CE24DA3F5EF3}"
EndProject
Global
	GlobalSection(SolutionConfigurationPlatforms) = preSolution
		Debug|Any CPU = Debug|Any CPU
		Release|Any CPU = Release|Any CPU
	EndGlobalSection
	GlobalSection(ProjectConfigurationPlatforms) = postSolution
		{D6B905CB-4420-4C33-9D9B-2BB56803CA0E}.Debug|Any CPU.ActiveCfg = Debug|Any CPU
		{D6B905CB-4420-4C33-9D9B-2BB56803CA0E}.Debug|Any CPU.Build.0 = Debug|Any CPU
		{D6B905CB-4420-4C33-9D9B-2BB56803CA0E}.Release|Any CPU.ActiveCfg = Release|Any CPU
		{D6B905CB-4420-4C33-9D9B-2BB56803CA0E}.Release|Any CPU.Build.0 = Release|Any CPU
		{E90C7B7A-9AFD-4B96-8FF1-E6CBC104DF1E}.Debug|Any CPU.ActiveCfg = Debug|Any CPU
		{E90C7B7A-9AFD-4B96-8FF1-E6CBC104DF1E}.Debug|Any CPU.Build.0 = Debug|Any CPU
		{E90C7B7A-9AFD-4B96-8FF1-E6CBC104DF1E}.Release|Any CPU.ActiveCfg = Release|Any CPU
		{E90C7B7A-9AFD-4B96-8FF1-E6CBC104DF1E}.Release|Any CPU.Build.0 = Release|Any CPU
		{2CC26D73-283E-4849-8CF9-2727DC88223C}.Debug|Any CPU.ActiveCfg = Debug|Any CPU
		{2CC26D73-283E-4849-8CF9-2727DC88223C}.Debug|Any CPU.Build.0 = Debug|Any CPU
		{2CC26D73-283E-4849-8CF9-2727DC88223C}.Release|Any CPU.ActiveCfg = Release|Any CPU
		{2CC26D73-283E-4849-8CF9-2727DC88223C}.Release|Any CPU.Build.0 = Release|Any CPU
		{610639B7-3F8A-4F01-BF9C-C3CC0D4B2FC7}.Debug|Any CPU.ActiveCfg = Debug|Any CPU
		{610639B7-3F8A-4F01-BF9C-C3CC0D4B2FC7}.Debug|Any CPU.Build.0 = Debug|Any CPU
		{610639B7-3F8A-4F01-BF9C-C3CC0D4B2FC7}.Release|Any CPU.ActiveCfg = Release|Any CPU
		{610639B7-3F8A-4F01-BF9C-C3CC0D4B2FC7}.Release|Any CPU.Build.0 = Release|Any CPU
		{3A221492-33FB-4EC2-92BF-6AB0D2CE9AB9}.Debug|Any CPU.ActiveCfg = Debug|Any CPU
		{3A221492-33FB-4EC2-92BF-6AB0D2CE9AB9}.Debug|Any CPU.Build.0 = Debug|Any CPU
		{3A221492-33FB-4EC2-92BF-6AB0D2CE9AB9}.Release|Any CPU.ActiveCfg = Release|Any CPU
		{3A221492-33FB-4EC2-92BF-6AB0D2CE9AB9}.Release|Any CPU.Build.0 = Release|Any CPU
		{57E761AE-FA88-4C0F-A05A-0EB0A420955B}.Debug|Any CPU.ActiveCfg = Debug|Any CPU
		{57E761AE-FA88-4C0F-A05A-0EB0A420955B}.Debug|Any CPU.Build.0 = Debug|Any CPU
		{57E761AE-FA88-4C0F-A05A-0EB0A420955B}.Release|Any CPU.ActiveCfg = Release|Any CPU
		{57E761AE-FA88-4C0F-A05A-0EB0A420955B}.Release|Any CPU.Build.0 = Release|Any CPU
		{798900F9-8796-460B-A0F5-C6A1383DDA5D}.Debug|Any CPU.ActiveCfg = Debug|Any CPU
		{798900F9-8796-460B-A0F5-C6A1383DDA5D}.Debug|Any CPU.Build.0 = Debug|Any CPU
		{798900F9-8796-460B-A0F5-C6A1383DDA5D}.Release|Any CPU.ActiveCfg = Release|Any CPU
		{798900F9-8796-460B-A0F5-C6A1383DDA5D}.Release|Any CPU.Build.0 = Release|Any CPU
		{640554CD-D526-4560-8A9A-0C4CCFB0AE43}.Debug|Any CPU.ActiveCfg = Debug|Any CPU
		{640554CD-D526-4560-8A9A-0C4CCFB0AE43}.Debug|Any CPU.Build.0 = Debug|Any CPU
		{640554CD-D526-4560-8A9A-0C4CCFB0AE43}.Release|Any CPU.ActiveCfg = Release|Any CPU
		{640554CD-D526-4560-8A9A-0C4CCFB0AE43}.Release|Any CPU.Build.0 = Release|Any CPU
		{FF1A34A3-A99B-46AE-89F8-4683AE44032C}.Debug|Any CPU.ActiveCfg = Debug|Any CPU
		{FF1A34A3-A99B-46AE-89F8-4683AE44032C}.Debug|Any CPU.Build.0 = Debug|Any CPU
		{FF1A34A3-A99B-46AE-89F8-4683AE44032C}.Release|Any CPU.ActiveCfg = Release|Any CPU
		{FF1A34A3-A99B-46AE-89F8-4683AE44032C}.Release|Any CPU.Build.0 = Release|Any CPU
		{390401E8-4BCA-46F2-8189-873BE56E8F09}.Debug|Any CPU.ActiveCfg = Debug|Any CPU
		{390401E8-4BCA-46F2-8189-873BE56E8F09}.Debug|Any CPU.Build.0 = Debug|Any CPU
		{390401E8-4BCA-46F2-8189-873BE56E8F09}.Release|Any CPU.ActiveCfg = Release|Any CPU
		{390401E8-4BCA-46F2-8189-873BE56E8F09}.Release|Any CPU.Build.0 = Release|Any CPU
		{62BFA003-894B-44F5-BF51-16EFD93B521D}.Debug|Any CPU.ActiveCfg = Debug|Any CPU
		{62BFA003-894B-44F5-BF51-16EFD93B521D}.Debug|Any CPU.Build.0 = Debug|Any CPU
		{62BFA003-894B-44F5-BF51-16EFD93B521D}.Release|Any CPU.ActiveCfg = Release|Any CPU
		{62BFA003-894B-44F5-BF51-16EFD93B521D}.Release|Any CPU.Build.0 = Release|Any CPU
		{EA60F455-F9F6-4317-8E5F-0001AF90F9F8}.Debug|Any CPU.ActiveCfg = Debug|Any CPU
		{EA60F455-F9F6-4317-8E5F-0001AF90F9F8}.Debug|Any CPU.Build.0 = Debug|Any CPU
		{EA60F455-F9F6-4317-8E5F-0001AF90F9F8}.Release|Any CPU.ActiveCfg = Release|Any CPU
		{EA60F455-F9F6-4317-8E5F-0001AF90F9F8}.Release|Any CPU.Build.0 = Release|Any CPU
		{56158907-3988-45FD-8FE4-4CA299881D26}.Debug|Any CPU.ActiveCfg = Debug|Any CPU
		{56158907-3988-45FD-8FE4-4CA299881D26}.Debug|Any CPU.Build.0 = Debug|Any CPU
		{56158907-3988-45FD-8FE4-4CA299881D26}.Release|Any CPU.ActiveCfg = Release|Any CPU
		{56158907-3988-45FD-8FE4-4CA299881D26}.Release|Any CPU.Build.0 = Release|Any CPU
		{0DF555E2-16C7-43F0-8197-AF9A60F8A31D}.Debug|Any CPU.ActiveCfg = Debug|Any CPU
		{0DF555E2-16C7-43F0-8197-AF9A60F8A31D}.Debug|Any CPU.Build.0 = Debug|Any CPU
		{0DF555E2-16C7-43F0-8197-AF9A60F8A31D}.Release|Any CPU.ActiveCfg = Release|Any CPU
		{0DF555E2-16C7-43F0-8197-AF9A60F8A31D}.Release|Any CPU.Build.0 = Release|Any CPU
		{1D6EA88C-37FD-4303-8EE8-2D850B4378A6}.Debug|Any CPU.ActiveCfg = Debug|Any CPU
		{1D6EA88C-37FD-4303-8EE8-2D850B4378A6}.Debug|Any CPU.Build.0 = Debug|Any CPU
		{1D6EA88C-37FD-4303-8EE8-2D850B4378A6}.Release|Any CPU.ActiveCfg = Release|Any CPU
		{1D6EA88C-37FD-4303-8EE8-2D850B4378A6}.Release|Any CPU.Build.0 = Release|Any CPU
		{7A560422-E18F-4004-A1F6-08156C8EA9C7}.Debug|Any CPU.ActiveCfg = Debug|Any CPU
		{7A560422-E18F-4004-A1F6-08156C8EA9C7}.Debug|Any CPU.Build.0 = Debug|Any CPU
		{7A560422-E18F-4004-A1F6-08156C8EA9C7}.Release|Any CPU.ActiveCfg = Release|Any CPU
		{7A560422-E18F-4004-A1F6-08156C8EA9C7}.Release|Any CPU.Build.0 = Release|Any CPU
		{30ABF1DE-713D-4E8B-A6F5-00B5254C797D}.Debug|Any CPU.ActiveCfg = Debug|Any CPU
		{30ABF1DE-713D-4E8B-A6F5-00B5254C797D}.Debug|Any CPU.Build.0 = Debug|Any CPU
		{30ABF1DE-713D-4E8B-A6F5-00B5254C797D}.Release|Any CPU.ActiveCfg = Release|Any CPU
		{30ABF1DE-713D-4E8B-A6F5-00B5254C797D}.Release|Any CPU.Build.0 = Release|Any CPU
		{2F23F5AF-B1DD-49A2-A24B-CE24DA3F5EF3}.Debug|Any CPU.ActiveCfg = Debug|Any CPU
		{2F23F5AF-B1DD-49A2-A24B-CE24DA3F5EF3}.Debug|Any CPU.Build.0 = Debug|Any CPU
		{2F23F5AF-B1DD-49A2-A24B-CE24DA3F5EF3}.Release|Any CPU.ActiveCfg = Release|Any CPU
		{2F23F5AF-B1DD-49A2-A24B-CE24DA3F5EF3}.Release|Any CPU.Build.0 = Release|Any CPU
	EndGlobalSection
	GlobalSection(SolutionProperties) = preSolution
		HideSolutionNode = FALSE
	EndGlobalSection
	GlobalSection(NestedProjects) = preSolution
		{D6B905CB-4420-4C33-9D9B-2BB56803CA0E} = {C64ED9CF-0278-4C27-AAF6-C59CF6D254A9}
		{E90C7B7A-9AFD-4B96-8FF1-E6CBC104DF1E} = {663B79A5-737D-464E-B008-C0C03B792FA7}
		{2CC26D73-283E-4849-8CF9-2727DC88223C} = {663B79A5-737D-464E-B008-C0C03B792FA7}
		{610639B7-3F8A-4F01-BF9C-C3CC0D4B2FC7} = {663B79A5-737D-464E-B008-C0C03B792FA7}
		{3A221492-33FB-4EC2-92BF-6AB0D2CE9AB9} = {663B79A5-737D-464E-B008-C0C03B792FA7}
		{57E761AE-FA88-4C0F-A05A-0EB0A420955B} = {C6F9B8EB-F00C-4C82-8511-A18C1923A505}
		{798900F9-8796-460B-A0F5-C6A1383DDA5D} = {663B79A5-737D-464E-B008-C0C03B792FA7}
		{640554CD-D526-4560-8A9A-0C4CCFB0AE43} = {C6F9B8EB-F00C-4C82-8511-A18C1923A505}
		{FF1A34A3-A99B-46AE-89F8-4683AE44032C} = {663B79A5-737D-464E-B008-C0C03B792FA7}
		{390401E8-4BCA-46F2-8189-873BE56E8F09} = {AA804EA0-6804-4236-BD77-97DEBC07BF2D}
		{62BFA003-894B-44F5-BF51-16EFD93B521D} = {AA804EA0-6804-4236-BD77-97DEBC07BF2D}
		{EA60F455-F9F6-4317-8E5F-0001AF90F9F8} = {AA804EA0-6804-4236-BD77-97DEBC07BF2D}
		{56158907-3988-45FD-8FE4-4CA299881D26} = {AA804EA0-6804-4236-BD77-97DEBC07BF2D}
		{0DF555E2-16C7-43F0-8197-AF9A60F8A31D} = {2713B670-468A-4443-9DD2-FD311909E07A}
		{1D6EA88C-37FD-4303-8EE8-2D850B4378A6} = {C64ED9CF-0278-4C27-AAF6-C59CF6D254A9}
		{7A560422-E18F-4004-A1F6-08156C8EA9C7} = {2713B670-468A-4443-9DD2-FD311909E07A}
		{30ABF1DE-713D-4E8B-A6F5-00B5254C797D} = {AA804EA0-6804-4236-BD77-97DEBC07BF2D}
		{2F23F5AF-B1DD-49A2-A24B-CE24DA3F5EF3} = {2713B670-468A-4443-9DD2-FD311909E07A}
	EndGlobalSection
EndGlobal
